Microsoft Visual Studio Solution File, Format Version 12.00
# Visual Studio Version 17
VisualStudioVersion = 17.5.2.0
MinimumVisualStudioVersion = 10.0.40219.1
Project("{FAE04EC0-301F-11D3-BF4B-00C04F79EFBC}") = "MsProducts", "MsProducts\MsProducts.csproj", "{EACA61B3-D753-08C9-D10D-263834FB5A3B}"
EndProject
Project("{FAE04EC0-301F-11D3-BF4B-00C04F79EFBC}") = "MsTransactions", "MsTransactions\MsTransactions.csproj", "{418E80E3-9C98-F287-3B38-6BD68FEB3B93}"
EndProject
Project("{FAE04EC0-301F-11D3-BF4B-00C04F79EFBC}") = "Shared", "Shared\Shared.csproj", "{DBB9E43E-F4B4-4039-96D0-CFD0478FD4CA}"
EndProject
Project("{FAE04EC0-301F-11D3-BF4B-00C04F79EFBC}") = "MsAuth", "MsAuth\MsAuth.csproj", "{04007598-BC86-4AF8-99E8-7EB7B72355B5}"
EndProject
Global
	GlobalSection(SolutionConfigurationPlatforms) = preSolution
		Debug|Any CPU = Debug|Any CPU
		Release|Any CPU = Release|Any CPU
	EndGlobalSection
	GlobalSection(ProjectConfigurationPlatforms) = postSolution
		{EACA61B3-D753-08C9-D10D-263834FB5A3B}.Debug|Any CPU.ActiveCfg = Debug|Any CPU
		{EACA61B3-D753-08C9-D10D-263834FB5A3B}.Debug|Any CPU.Build.0 = Debug|Any CPU
		{EACA61B3-D753-08C9-D10D-263834FB5A3B}.Release|Any CPU.ActiveCfg = Release|Any CPU
		{EACA61B3-D753-08C9-D10D-263834FB5A3B}.Release|Any CPU.Build.0 = Release|Any CPU
		{418E80E3-9C98-F287-3B38-6BD68FEB3B93}.Debug|Any CPU.ActiveCfg = Debug|Any CPU
		{418E80E3-9C98-F287-3B38-6BD68FEB3B93}.Debug|Any CPU.Build.0 = Debug|Any CPU
		{418E80E3-9C98-F287-3B38-6BD68FEB3B93}.Release|Any CPU.ActiveCfg = Release|Any CPU
		{418E80E3-9C98-F287-3B38-6BD68FEB3B93}.Release|Any CPU.Build.0 = Release|Any CPU
		{DBB9E43E-F4B4-4039-96D0-CFD0478FD4CA}.Debug|Any CPU.ActiveCfg = Debug|Any CPU
		{DBB9E43E-F4B4-4039-96D0-CFD0478FD4CA}.Debug|Any CPU.Build.0 = Debug|Any CPU
		{DBB9E43E-F4B4-4039-96D0-CFD0478FD4CA}.Release|Any CPU.ActiveCfg = Release|Any CPU
		{DBB9E43E-F4B4-4039-96D0-CFD0478FD4CA}.Release|Any CPU.Build.0 = Release|Any CPU
		{04007598-BC86-4AF8-99E8-7EB7B72355B5}.Debug|Any CPU.ActiveCfg = Debug|Any CPU
		{04007598-BC86-4AF8-99E8-7EB7B72355B5}.Debug|Any CPU.Build.0 = Debug|Any CPU
		{04007598-BC86-4AF8-99E8-7EB7B72355B5}.Release|Any CPU.ActiveCfg = Release|Any CPU
		{04007598-BC86-4AF8-99E8-7EB7B72355B5}.Release|Any CPU.Build.0 = Release|Any CPU
	EndGlobalSection
	GlobalSection(SolutionProperties) = preSolution
		HideSolutionNode = FALSE
	EndGlobalSection
	GlobalSection(ExtensibilityGlobals) = postSolution
		SolutionGuid = {988F83CC-440A-4698-ADF4-C0856CD8CA95}
	EndGlobalSection
EndGlobal
